
Microsoft Visual Studio Solution File, Format Version 12.00
# Visual Studio Version 17
VisualStudioVersion = 17.5.002.0
MinimumVisualStudioVersion = 10.0.40219.1
Project("{9A19103F-16F7-4668-BE54-9A1E7A4F7556}") = "progra", "progra.csproj", "{AC6CC2B1-9C3F-4D53-B400-724DEC3C8047}"
EndProject
Global
	GlobalSection(SolutionConfigurationPlatforms) = preSolution
		Debug|Any CPU = Debug|Any CPU
		Release|Any CPU = Release|Any CPU
	EndGlobalSection
	GlobalSection(ProjectConfigurationPlatforms) = postSolution
		{AC6CC2B1-9C3F-4D53-B400-724DEC3C8047}.Debug|Any CPU.ActiveCfg = Debug|Any CPU
		{AC6CC2B1-9C3F-4D53-B400-724DEC3C8047}.Debug|Any CPU.Build.0 = Debug|Any CPU
		{AC6CC2B1-9C3F-4D53-B400-724DEC3C8047}.Release|Any CPU.ActiveCfg = Release|Any CPU
		{AC6CC2B1-9C3F-4D53-B400-724DEC3C8047}.Release|Any CPU.Build.0 = Release|Any CPU
	EndGlobalSection
	GlobalSection(SolutionProperties) = preSolution
		HideSolutionNode = FALSE
	EndGlobalSection
	GlobalSection(ExtensibilityGlobals) = postSolution
		SolutionGuid = {F4099813-0D2D-4F1D-A91D-95A8E6768D25}
	EndGlobalSection
EndGlobal
